
Microsoft Visual Studio Solution File, Format Version 12.00
# Visual Studio Version 17
VisualStudioVersion = 17.10.35122.118
MinimumVisualStudioVersion = 10.0.40219.1
Project("{9A19103F-16F7-4668-BE54-9A1E7A4F7556}") = "LINQHomework", "qa-automation-see-sharp Homeworks ganna_liubimova Homework_8-LINQHomework\LINQHomework.csproj", "{69443259-C4AA-4AF4-A557-91BEE3D60447}"
EndProject
Global
	GlobalSection(SolutionConfigurationPlatforms) = preSolution
		Debug|Any CPU = Debug|Any CPU
		Release|Any CPU = Release|Any CPU
	EndGlobalSection
	GlobalSection(ProjectConfigurationPlatforms) = postSolution
		{69443259-C4AA-4AF4-A557-91BEE3D60447}.Debug|Any CPU.ActiveCfg = Debug|Any CPU
		{69443259-C4AA-4AF4-A557-91BEE3D60447}.Debug|Any CPU.Build.0 = Debug|Any CPU
		{69443259-C4AA-4AF4-A557-91BEE3D60447}.Release|Any CPU.ActiveCfg = Release|Any CPU
		{69443259-C4AA-4AF4-A557-91BEE3D60447}.Release|Any CPU.Build.0 = Release|Any CPU
	EndGlobalSection
	GlobalSection(SolutionProperties) = preSolution
		HideSolutionNode = FALSE
	EndGlobalSection
	GlobalSection(ExtensibilityGlobals) = postSolution
		SolutionGuid = {1B21ACC3-2831-4826-AAA3-86460EC54908}
	EndGlobalSection
EndGlobal
